// !$*UTF8*$!
{
	archiveVersion = 1;
	classes = {
	};
	objectVersion = 56;
	objects = {

/* Begin PBXBuildFile section */
		0DF5F7C1AF07CBBF621B5E37 /* Pods_GuessTheNumber.framework in Frameworks */ = {isa = PBXBuildFile; fileRef = 73803561C3426A610B41B4D8 /* Pods_GuessTheNumber.framework */; };
		9C01C536297638CD00954EE7 /* Game.swift in Sources */ = {isa = PBXBuildFile; fileRef = 9C01C535297638CD00954EE7 /* Game.swift */; };
		9C01C5382976422B00954EE7 /* RoundOneGuessViewController.swift in Sources */ = {isa = PBXBuildFile; fileRef = 9C01C5372976422B00954EE7 /* RoundOneGuessViewController.swift */; };
		9C01C53A2976424400954EE7 /* RoundOneGuessView.swift in Sources */ = {isa = PBXBuildFile; fileRef = 9C01C5392976424400954EE7 /* RoundOneGuessView.swift */; };
		9C01C53C2976425200954EE7 /* RoundOneGuessPresenter.swift in Sources */ = {isa = PBXBuildFile; fileRef = 9C01C53B2976425200954EE7 /* RoundOneGuessPresenter.swift */; };
		9C1CF5A82970E84200E6914E /* RoundButton.swift in Sources */ = {isa = PBXBuildFile; fileRef = 9C1CF5A72970E84200E6914E /* RoundButton.swift */; };
		9C1CF5AA2971015400E6914E /* UIColor+RGB.swift in Sources */ = {isa = PBXBuildFile; fileRef = 9C1CF5A92971015400E6914E /* UIColor+RGB.swift */; };
		9C1CF5AE297256EB00E6914E /* MainBuilder.swift in Sources */ = {isa = PBXBuildFile; fileRef = 9C1CF5AD297256EB00E6914E /* MainBuilder.swift */; };
		9C1CF5B0297256F800E6914E /* Coordinator.swift in Sources */ = {isa = PBXBuildFile; fileRef = 9C1CF5AF297256F800E6914E /* Coordinator.swift */; };
		9C1CF5B22973251D00E6914E /* MainCoordinator.swift in Sources */ = {isa = PBXBuildFile; fileRef = 9C1CF5B12973251D00E6914E /* MainCoordinator.swift */; };
		9C1CF5B42974D3AD00E6914E /* RoundOneNumberSelectViewController.swift in Sources */ = {isa = PBXBuildFile; fileRef = 9C1CF5B32974D3AD00E6914E /* RoundOneNumberSelectViewController.swift */; };
		9C1CF5B82974D40B00E6914E /* RoundOneNumberSelectPresenter.swift in Sources */ = {isa = PBXBuildFile; fileRef = 9C1CF5B72974D40B00E6914E /* RoundOneNumberSelectPresenter.swift */; };
		9C1CF5BB2974D44500E6914E /* RoundOneNumberSelectView.swift in Sources */ = {isa = PBXBuildFile; fileRef = 9C1CF5BA2974D44500E6914E /* RoundOneNumberSelectView.swift */; };
		9C534BB82977B25200BEEFEE /* RoundTwoView.swift in Sources */ = {isa = PBXBuildFile; fileRef = 9C534BB72977B25200BEEFEE /* RoundTwoView.swift */; };
		9C534BBA2977B2CA00BEEFEE /* RoundTwoViewController.swift in Sources */ = {isa = PBXBuildFile; fileRef = 9C534BB92977B2CA00BEEFEE /* RoundTwoViewController.swift */; };
		9C534BBC2977B37100BEEFEE /* RoundTwoPresenter.swift in Sources */ = {isa = PBXBuildFile; fileRef = 9C534BBB2977B37100BEEFEE /* RoundTwoPresenter.swift */; };
		9C623BF8296F994A001F41F7 /* AppDelegate.swift in Sources */ = {isa = PBXBuildFile; fileRef = 9C623BF7296F994A001F41F7 /* AppDelegate.swift */; };
		9C623BFA296F994A001F41F7 /* SceneDelegate.swift in Sources */ = {isa = PBXBuildFile; fileRef = 9C623BF9296F994A001F41F7 /* SceneDelegate.swift */; };
		9C623C01296F994B001F41F7 /* Assets.xcassets in Resources */ = {isa = PBXBuildFile; fileRef = 9C623C00296F994B001F41F7 /* Assets.xcassets */; };
		9C623C04296F994B001F41F7 /* LaunchScreen.storyboard in Resources */ = {isa = PBXBuildFile; fileRef = 9C623C02296F994B001F41F7 /* LaunchScreen.storyboard */; };
		9C623C0C296F9C14001F41F7 /* StartViewController.swift in Sources */ = {isa = PBXBuildFile; fileRef = 9C623C0B296F9C14001F41F7 /* StartViewController.swift */; };
		9C623C0F296F9C33001F41F7 /* StartPresenter.swift in Sources */ = {isa = PBXBuildFile; fileRef = 9C623C0E296F9C33001F41F7 /* StartPresenter.swift */; };
		9C623C11296FA8FC001F41F7 /* StartView.swift in Sources */ = {isa = PBXBuildFile; fileRef = 9C623C10296FA8FC001F41F7 /* StartView.swift */; };
		9C903A53297C09AC008F068A /* GameRestartProtocol.swift in Sources */ = {isa = PBXBuildFile; fileRef = 9C903A52297C09AC008F068A /* GameRestartProtocol.swift */; };
		9C903A57297E2447008F068A /* UIView+AnimateButton.swift in Sources */ = {isa = PBXBuildFile; fileRef = 9C903A56297E2447008F068A /* UIView+AnimateButton.swift */; };
		9C903A59297E3700008F068A /* UITextField+NumberTextField.swift in Sources */ = {isa = PBXBuildFile; fileRef = 9C903A58297E3700008F068A /* UITextField+NumberTextField.swift */; };
		9C903A5B297E3C69008F068A /* UIColor+AppColors.swift in Sources */ = {isa = PBXBuildFile; fileRef = 9C903A5A297E3C69008F068A /* UIColor+AppColors.swift */; };
		9CCBFBB82978E20B00C6542E /* NumberPickerPresenterProtocol.swift in Sources */ = {isa = PBXBuildFile; fileRef = 9CCBFBB72978E20B00C6542E /* NumberPickerPresenterProtocol.swift */; };
		9CCBFBBA297BCA1A00C6542E /* BackgroundView.swift in Sources */ = {isa = PBXBuildFile; fileRef = 9CCBFBB9297BCA1A00C6542E /* BackgroundView.swift */; };
/* End PBXBuildFile section */

/* Begin PBXFileReference section */
		3257732D321D401CB5FFD05D /* Pods-GuessTheNumber.debug.xcconfig */ = {isa = PBXFileReference; includeInIndex = 1; lastKnownFileType = text.xcconfig; name = "Pods-GuessTheNumber.debug.xcconfig"; path = "Target Support Files/Pods-GuessTheNumber/Pods-GuessTheNumber.debug.xcconfig"; sourceTree = "<group>"; };
		4968396DCA640C0CADCE39DC /* Pods-GuessTheNumber.release.xcconfig */ = {isa = PBXFileReference; includeInIndex = 1; lastKnownFileType = text.xcconfig; name = "Pods-GuessTheNumber.release.xcconfig"; path = "Target Support Files/Pods-GuessTheNumber/Pods-GuessTheNumber.release.xcconfig"; sourceTree = "<group>"; };
		73803561C3426A610B41B4D8 /* Pods_GuessTheNumber.framework */ = {isa = PBXFileReference; explicitFileType = wrapper.framework; includeInIndex = 0; path = Pods_GuessTheNumber.framework; sourceTree = BUILT_PRODUCTS_DIR; };
		9C01C535297638CD00954EE7 /* Game.swift */ = {isa = PBXFileReference; lastKnownFileType = sourcecode.swift; path = Game.swift; sourceTree = "<group>"; };
		9C01C5372976422B00954EE7 /* RoundOneGuessViewController.swift */ = {isa = PBXFileReference; lastKnownFileType = sourcecode.swift; path = RoundOneGuessViewController.swift; sourceTree = "<group>"; };
		9C01C5392976424400954EE7 /* RoundOneGuessView.swift */ = {isa = PBXFileReference; lastKnownFileType = sourcecode.swift; path = RoundOneGuessView.swift; sourceTree = "<group>"; };
		9C01C53B2976425200954EE7 /* RoundOneGuessPresenter.swift */ = {isa = PBXFileReference; lastKnownFileType = sourcecode.swift; path = RoundOneGuessPresenter.swift; sourceTree = "<group>"; };
		9C1CF5A72970E84200E6914E /* RoundButton.swift */ = {isa = PBXFileReference; lastKnownFileType = sourcecode.swift; path = RoundButton.swift; sourceTree = "<group>"; };
		9C1CF5A92971015400E6914E /* UIColor+RGB.swift */ = {isa = PBXFileReference; lastKnownFileType = sourcecode.swift; path = "UIColor+RGB.swift"; sourceTree = "<group>"; };
		9C1CF5AD297256EB00E6914E /* MainBuilder.swift */ = {isa = PBXFileReference; lastKnownFileType = sourcecode.swift; path = MainBuilder.swift; sourceTree = "<group>"; };
		9C1CF5AF297256F800E6914E /* Coordinator.swift */ = {isa = PBXFileReference; lastKnownFileType = sourcecode.swift; path = Coordinator.swift; sourceTree = "<group>"; };
		9C1CF5B12973251D00E6914E /* MainCoordinator.swift */ = {isa = PBXFileReference; lastKnownFileType = sourcecode.swift; path = MainCoordinator.swift; sourceTree = "<group>"; };
		9C1CF5B32974D3AD00E6914E /* RoundOneNumberSelectViewController.swift */ = {isa = PBXFileReference; lastKnownFileType = sourcecode.swift; path = RoundOneNumberSelectViewController.swift; sourceTree = "<group>"; };
		9C1CF5B72974D40B00E6914E /* RoundOneNumberSelectPresenter.swift */ = {isa = PBXFileReference; lastKnownFileType = sourcecode.swift; path = RoundOneNumberSelectPresenter.swift; sourceTree = "<group>"; };
		9C1CF5BA2974D44500E6914E /* RoundOneNumberSelectView.swift */ = {isa = PBXFileReference; lastKnownFileType = sourcecode.swift; path = RoundOneNumberSelectView.swift; sourceTree = "<group>"; };
		9C534BB72977B25200BEEFEE /* RoundTwoView.swift */ = {isa = PBXFileReference; lastKnownFileType = sourcecode.swift; path = RoundTwoView.swift; sourceTree = "<group>"; };
		9C534BB92977B2CA00BEEFEE /* RoundTwoViewController.swift */ = {isa = PBXFileReference; lastKnownFileType = sourcecode.swift; path = RoundTwoViewController.swift; sourceTree = "<group>"; };
		9C534BBB2977B37100BEEFEE /* RoundTwoPresenter.swift */ = {isa = PBXFileReference; lastKnownFileType = sourcecode.swift; path = RoundTwoPresenter.swift; sourceTree = "<group>"; };
		9C623BF4296F994A001F41F7 /* GuessTheNumber.app */ = {isa = PBXFileReference; explicitFileType = wrapper.application; includeInIndex = 0; path = GuessTheNumber.app; sourceTree = BUILT_PRODUCTS_DIR; };
		9C623BF7296F994A001F41F7 /* AppDelegate.swift */ = {isa = PBXFileReference; lastKnownFileType = sourcecode.swift; path = AppDelegate.swift; sourceTree = "<group>"; };
		9C623BF9296F994A001F41F7 /* SceneDelegate.swift */ = {isa = PBXFileReference; lastKnownFileType = sourcecode.swift; path = SceneDelegate.swift; sourceTree = "<group>"; };
		9C623C00296F994B001F41F7 /* Assets.xcassets */ = {isa = PBXFileReference; lastKnownFileType = folder.assetcatalog; path = Assets.xcassets; sourceTree = "<group>"; };
		9C623C03296F994B001F41F7 /* Base */ = {isa = PBXFileReference; lastKnownFileType = file.storyboard; name = Base; path = Base.lproj/LaunchScreen.storyboard; sourceTree = "<group>"; };
		9C623C05296F994B001F41F7 /* Info.plist */ = {isa = PBXFileReference; lastKnownFileType = text.plist.xml; path = Info.plist; sourceTree = "<group>"; };
		9C623C0B296F9C14001F41F7 /* StartViewController.swift */ = {isa = PBXFileReference; lastKnownFileType = sourcecode.swift; path = StartViewController.swift; sourceTree = "<group>"; };
		9C623C0E296F9C33001F41F7 /* StartPresenter.swift */ = {isa = PBXFileReference; lastKnownFileType = sourcecode.swift; path = StartPresenter.swift; sourceTree = "<group>"; };
		9C623C10296FA8FC001F41F7 /* StartView.swift */ = {isa = PBXFileReference; lastKnownFileType = sourcecode.swift; path = StartView.swift; sourceTree = "<group>"; };
		9C903A52297C09AC008F068A /* GameRestartProtocol.swift */ = {isa = PBXFileReference; lastKnownFileType = sourcecode.swift; path = GameRestartProtocol.swift; sourceTree = "<group>"; };
		9C903A56297E2447008F068A /* UIView+AnimateButton.swift */ = {isa = PBXFileReference; lastKnownFileType = sourcecode.swift; path = "UIView+AnimateButton.swift"; sourceTree = "<group>"; };
		9C903A58297E3700008F068A /* UITextField+NumberTextField.swift */ = {isa = PBXFileReference; lastKnownFileType = sourcecode.swift; path = "UITextField+NumberTextField.swift"; sourceTree = "<group>"; };
		9C903A5A297E3C69008F068A /* UIColor+AppColors.swift */ = {isa = PBXFileReference; lastKnownFileType = sourcecode.swift; path = "UIColor+AppColors.swift"; sourceTree = "<group>"; };
		9CCBFBB72978E20B00C6542E /* NumberPickerPresenterProtocol.swift */ = {isa = PBXFileReference; lastKnownFileType = sourcecode.swift; path = NumberPickerPresenterProtocol.swift; sourceTree = "<group>"; };
		9CCBFBB9297BCA1A00C6542E /* BackgroundView.swift */ = {isa = PBXFileReference; lastKnownFileType = sourcecode.swift; path = BackgroundView.swift; sourceTree = "<group>"; };
/* End PBXFileReference section */

/* Begin PBXFrameworksBuildPhase section */
		9C623BF1296F994A001F41F7 /* Frameworks */ = {
			isa = PBXFrameworksBuildPhase;
			buildActionMask = 2147483647;
			files = (
				0DF5F7C1AF07CBBF621B5E37 /* Pods_GuessTheNumber.framework in Frameworks */,
			);
			runOnlyForDeploymentPostprocessing = 0;
		};
/* End PBXFrameworksBuildPhase section */

/* Begin PBXGroup section */
		0ADECB23DCA8491572890A5D /* Frameworks */ = {
			isa = PBXGroup;
			children = (
				73803561C3426A610B41B4D8 /* Pods_GuessTheNumber.framework */,
			);
			name = Frameworks;
			sourceTree = "<group>";
		};
		6190654D925EE8BBCFB5BDBE /* Pods */ = {
			isa = PBXGroup;
			children = (
				3257732D321D401CB5FFD05D /* Pods-GuessTheNumber.debug.xcconfig */,
				4968396DCA640C0CADCE39DC /* Pods-GuessTheNumber.release.xcconfig */,
			);
			path = Pods;
			sourceTree = "<group>";
		};
		9C01C53D2976426000954EE7 /* RoundOneGuessScreen */ = {
			isa = PBXGroup;
			children = (
				9C01C53E2976428100954EE7 /* View */,
				9C01C53F2976428A00954EE7 /* Presenter */,
			);
			path = RoundOneGuessScreen;
			sourceTree = "<group>";
		};
		9C01C53E2976428100954EE7 /* View */ = {
			isa = PBXGroup;
			children = (
				9C01C5372976422B00954EE7 /* RoundOneGuessViewController.swift */,
				9C01C5392976424400954EE7 /* RoundOneGuessView.swift */,
			);
			path = View;
			sourceTree = "<group>";
		};
		9C01C53F2976428A00954EE7 /* Presenter */ = {
			isa = PBXGroup;
			children = (
				9C01C53B2976425200954EE7 /* RoundOneGuessPresenter.swift */,
			);
			path = Presenter;
			sourceTree = "<group>";
		};
		9C1CF5AC2971016200E6914E /* Utility */ = {
			isa = PBXGroup;
			children = (
				9C623A47297F629700EAC29D /* Extensions */,
				9C623A48297F62A500EAC29D /* Protocols */,
			);
			path = Utility;
			sourceTree = "<group>";
		};
		9C1CF5B52974D3C300E6914E /* RoundOneNumberSelectScreen */ = {
			isa = PBXGroup;
			children = (
				9C1CF5B92974D41500E6914E /* Presenter */,
				9C1CF5B62974D3F200E6914E /* View */,
			);
			path = RoundOneNumberSelectScreen;
			sourceTree = "<group>";
		};
		9C1CF5B62974D3F200E6914E /* View */ = {
			isa = PBXGroup;
			children = (
				9C1CF5B32974D3AD00E6914E /* RoundOneNumberSelectViewController.swift */,
				9C1CF5BA2974D44500E6914E /* RoundOneNumberSelectView.swift */,
			);
			path = View;
			sourceTree = "<group>";
		};
		9C1CF5B92974D41500E6914E /* Presenter */ = {
			isa = PBXGroup;
			children = (
				9C1CF5B72974D40B00E6914E /* RoundOneNumberSelectPresenter.swift */,
			);
			path = Presenter;
			sourceTree = "<group>";
		};
		9C534BBD2977B37700BEEFEE /* RoundTwoScreen */ = {
			isa = PBXGroup;
			children = (
				9C534BBE2977B39000BEEFEE /* View */,
				9C534BBF2977B39600BEEFEE /* Presenter */,
			);
			path = RoundTwoScreen;
			sourceTree = "<group>";
		};
		9C534BBE2977B39000BEEFEE /* View */ = {
			isa = PBXGroup;
			children = (
				9C534BB72977B25200BEEFEE /* RoundTwoView.swift */,
				9C534BB92977B2CA00BEEFEE /* RoundTwoViewController.swift */,
			);
			path = View;
			sourceTree = "<group>";
		};
		9C534BBF2977B39600BEEFEE /* Presenter */ = {
			isa = PBXGroup;
			children = (
				9C534BBB2977B37100BEEFEE /* RoundTwoPresenter.swift */,
			);
			path = Presenter;
			sourceTree = "<group>";
		};
		9C623A44297F61B100EAC29D /* Application */ = {
			isa = PBXGroup;
			children = (
				9C623BF7296F994A001F41F7 /* AppDelegate.swift */,
				9C623BF9296F994A001F41F7 /* SceneDelegate.swift */,
				9C1CF5AF297256F800E6914E /* Coordinator.swift */,
				9C1CF5B12973251D00E6914E /* MainCoordinator.swift */,
				9C1CF5AD297256EB00E6914E /* MainBuilder.swift */,
			);
			path = Application;
			sourceTree = "<group>";
		};
		9C623A45297F61CC00EAC29D /* Models */ = {
			isa = PBXGroup;
			children = (
				9C01C535297638CD00954EE7 /* Game.swift */,
			);
			path = Models;
			sourceTree = "<group>";
		};
		9C623A46297F623200EAC29D /* Modules */ = {
			isa = PBXGroup;
			children = (
				9C623C0D296F9C19001F41F7 /* Start Screen */,
				9C1CF5B52974D3C300E6914E /* RoundOneNumberSelectScreen */,
				9C01C53D2976426000954EE7 /* RoundOneGuessScreen */,
				9C534BBD2977B37700BEEFEE /* RoundTwoScreen */,
			);
			path = Modules;
			sourceTree = "<group>";
		};
		9C623A47297F629700EAC29D /* Extensions */ = {
			isa = PBXGroup;
			children = (
				9C1CF5A92971015400E6914E /* UIColor+RGB.swift */,
				9C903A5A297E3C69008F068A /* UIColor+AppColors.swift */,
				9C903A56297E2447008F068A /* UIView+AnimateButton.swift */,
				9C903A58297E3700008F068A /* UITextField+NumberTextField.swift */,
			);
			path = Extensions;
			sourceTree = "<group>";
		};
		9C623A48297F62A500EAC29D /* Protocols */ = {
			isa = PBXGroup;
			children = (
				9CCBFBB72978E20B00C6542E /* NumberPickerPresenterProtocol.swift */,
				9C903A52297C09AC008F068A /* GameRestartProtocol.swift */,
			);
			path = Protocols;
			sourceTree = "<group>";
		};
		9C623BEB296F994A001F41F7 = {
			isa = PBXGroup;
			children = (
				9C623BF6296F994A001F41F7 /* GuessTheNumber */,
				9C623BF5296F994A001F41F7 /* Products */,
				6190654D925EE8BBCFB5BDBE /* Pods */,
				0ADECB23DCA8491572890A5D /* Frameworks */,
			);
			sourceTree = "<group>";
		};
		9C623BF5296F994A001F41F7 /* Products */ = {
			isa = PBXGroup;
			children = (
				9C623BF4296F994A001F41F7 /* GuessTheNumber.app */,
			);
			name = Products;
			sourceTree = "<group>";
		};
		9C623BF6296F994A001F41F7 /* GuessTheNumber */ = {
			isa = PBXGroup;
			children = (
				9C623A44297F61B100EAC29D /* Application */,
				9C623A45297F61CC00EAC29D /* Models */,
				9C903A51297C03EB008F068A /* Reusable Views */,
				9C1CF5AC2971016200E6914E /* Utility */,
				9C623A46297F623200EAC29D /* Modules */,
				9C623C00296F994B001F41F7 /* Assets.xcassets */,
				9C623C02296F994B001F41F7 /* LaunchScreen.storyboard */,
				9C623C05296F994B001F41F7 /* Info.plist */,
			);
			path = GuessTheNumber;
			sourceTree = "<group>";
		};
		9C623C0D296F9C19001F41F7 /* Start Screen */ = {
			isa = PBXGroup;
			children = (
				9C623C12296FA90C001F41F7 /* View */,
				9C623C13296FA913001F41F7 /* Presenter */,
			);
			path = "Start Screen";
			sourceTree = "<group>";
		};
		9C623C12296FA90C001F41F7 /* View */ = {
			isa = PBXGroup;
			children = (
				9C623C0B296F9C14001F41F7 /* StartViewController.swift */,
				9C623C10296FA8FC001F41F7 /* StartView.swift */,
			);
			path = View;
			sourceTree = "<group>";
		};
		9C623C13296FA913001F41F7 /* Presenter */ = {
			isa = PBXGroup;
			children = (
				9C623C0E296F9C33001F41F7 /* StartPresenter.swift */,
			);
			path = Presenter;
			sourceTree = "<group>";
		};
		9C903A51297C03EB008F068A /* Reusable Views */ = {
			isa = PBXGroup;
			children = (
				9CCBFBB9297BCA1A00C6542E /* BackgroundView.swift */,
				9C1CF5A72970E84200E6914E /* RoundButton.swift */,
			);
			path = "Reusable Views";
			sourceTree = "<group>";
		};
/* End PBXGroup section */

/* Begin PBXNativeTarget section */
		9C623BF3296F994A001F41F7 /* GuessTheNumber */ = {
			isa = PBXNativeTarget;
			buildConfigurationList = 9C623C08296F994B001F41F7 /* Build configuration list for PBXNativeTarget "GuessTheNumber" */;
			buildPhases = (
				B8681F9DA9DB0479A45B4450 /* [CP] Check Pods Manifest.lock */,
				9C623BF0296F994A001F41F7 /* Sources */,
				9C623BF1296F994A001F41F7 /* Frameworks */,
				9C623BF2296F994A001F41F7 /* Resources */,
				06CF272B1DB4379B6A92F4BB /* [CP] Embed Pods Frameworks */,
			);
			buildRules = (
			);
			dependencies = (
			);
			name = GuessTheNumber;
			productName = GuessTheNumber;
			productReference = 9C623BF4296F994A001F41F7 /* GuessTheNumber.app */;
			productType = "com.apple.product-type.application";
		};
/* End PBXNativeTarget section */

/* Begin PBXProject section */
		9C623BEC296F994A001F41F7 /* Project object */ = {
			isa = PBXProject;
			attributes = {
				BuildIndependentTargetsInParallel = 1;
				LastSwiftUpdateCheck = 1420;
				LastUpgradeCheck = 1420;
				TargetAttributes = {
					9C623BF3296F994A001F41F7 = {
						CreatedOnToolsVersion = 14.2;
					};
				};
			};
			buildConfigurationList = 9C623BEF296F994A001F41F7 /* Build configuration list for PBXProject "GuessTheNumber" */;
			compatibilityVersion = "Xcode 14.0";
			developmentRegion = en;
			hasScannedForEncodings = 0;
			knownRegions = (
				en,
				Base,
			);
			mainGroup = 9C623BEB296F994A001F41F7;
			productRefGroup = 9C623BF5296F994A001F41F7 /* Products */;
			projectDirPath = "";
			projectRoot = "";
			targets = (
				9C623BF3296F994A001F41F7 /* GuessTheNumber */,
			);
		};
/* End PBXProject section */

/* Begin PBXResourcesBuildPhase section */
		9C623BF2296F994A001F41F7 /* Resources */ = {
			isa = PBXResourcesBuildPhase;
			buildActionMask = 2147483647;
			files = (
				9C623C04296F994B001F41F7 /* LaunchScreen.storyboard in Resources */,
				9C623C01296F994B001F41F7 /* Assets.xcassets in Resources */,
			);
			runOnlyForDeploymentPostprocessing = 0;
		};
/* End PBXResourcesBuildPhase section */

/* Begin PBXShellScriptBuildPhase section */
		06CF272B1DB4379B6A92F4BB /* [CP] Embed Pods Frameworks */ = {
			isa = PBXShellScriptBuildPhase;
			buildActionMask = 2147483647;
			files = (
			);
			inputFileListPaths = (
				"${PODS_ROOT}/Target Support Files/Pods-GuessTheNumber/Pods-GuessTheNumber-frameworks-${CONFIGURATION}-input-files.xcfilelist",
			);
			name = "[CP] Embed Pods Frameworks";
			outputFileListPaths = (
				"${PODS_ROOT}/Target Support Files/Pods-GuessTheNumber/Pods-GuessTheNumber-frameworks-${CONFIGURATION}-output-files.xcfilelist",
			);
			runOnlyForDeploymentPostprocessing = 0;
			shellPath = /bin/sh;
			shellScript = "\"${PODS_ROOT}/Target Support Files/Pods-GuessTheNumber/Pods-GuessTheNumber-frameworks.sh\"\n";
			showEnvVarsInLog = 0;
		};
		B8681F9DA9DB0479A45B4450 /* [CP] Check Pods Manifest.lock */ = {
			isa = PBXShellScriptBuildPhase;
			buildActionMask = 2147483647;
			files = (
			);
			inputFileListPaths = (
			);
			inputPaths = (
				"${PODS_PODFILE_DIR_PATH}/Podfile.lock",
				"${PODS_ROOT}/Manifest.lock",
			);
			name = "[CP] Check Pods Manifest.lock";
			outputFileListPaths = (
			);
			outputPaths = (
				"$(DERIVED_FILE_DIR)/Pods-GuessTheNumber-checkManifestLockResult.txt",
			);
			runOnlyForDeploymentPostprocessing = 0;
			shellPath = /bin/sh;
			shellScript = "diff \"${PODS_PODFILE_DIR_PATH}/Podfile.lock\" \"${PODS_ROOT}/Manifest.lock\" > /dev/null\nif [ $? != 0 ] ; then\n    # print error to STDERR\n    echo \"error: The sandbox is not in sync with the Podfile.lock. Run 'pod install' or update your CocoaPods installation.\" >&2\n    exit 1\nfi\n# This output is used by Xcode 'outputs' to avoid re-running this script phase.\necho \"SUCCESS\" > \"${SCRIPT_OUTPUT_FILE_0}\"\n";
			showEnvVarsInLog = 0;
		};
/* End PBXShellScriptBuildPhase section */

/* Begin PBXSourcesBuildPhase section */
		9C623BF0296F994A001F41F7 /* Sources */ = {
			isa = PBXSourcesBuildPhase;
			buildActionMask = 2147483647;
			files = (
				9C1CF5AA2971015400E6914E /* UIColor+RGB.swift in Sources */,
				9C1CF5B82974D40B00E6914E /* RoundOneNumberSelectPresenter.swift in Sources */,
				9C1CF5BB2974D44500E6914E /* RoundOneNumberSelectView.swift in Sources */,
				9C1CF5A82970E84200E6914E /* RoundButton.swift in Sources */,
				9CCBFBB82978E20B00C6542E /* NumberPickerPresenterProtocol.swift in Sources */,
				9C534BBC2977B37100BEEFEE /* RoundTwoPresenter.swift in Sources */,
				9C623BF8296F994A001F41F7 /* AppDelegate.swift in Sources */,
				9C1CF5B22973251D00E6914E /* MainCoordinator.swift in Sources */,
				9C534BB82977B25200BEEFEE /* RoundTwoView.swift in Sources */,
				9C903A59297E3700008F068A /* UITextField+NumberTextField.swift in Sources */,
				9C1CF5AE297256EB00E6914E /* MainBuilder.swift in Sources */,
				9C1CF5B42974D3AD00E6914E /* RoundOneNumberSelectViewController.swift in Sources */,
				9C623C11296FA8FC001F41F7 /* StartView.swift in Sources */,
				9C903A57297E2447008F068A /* UIView+AnimateButton.swift in Sources */,
				9C01C536297638CD00954EE7 /* Game.swift in Sources */,
				9C903A5B297E3C69008F068A /* UIColor+AppColors.swift in Sources */,
				9C903A53297C09AC008F068A /* GameRestartProtocol.swift in Sources */,
				9C01C5382976422B00954EE7 /* RoundOneGuessViewController.swift in Sources */,
				9C623BFA296F994A001F41F7 /* SceneDelegate.swift in Sources */,
				9C623C0C296F9C14001F41F7 /* StartViewController.swift in Sources */,
				9C01C53C2976425200954EE7 /* RoundOneGuessPresenter.swift in Sources */,
				9C534BBA2977B2CA00BEEFEE /* RoundTwoViewController.swift in Sources */,
				9CCBFBBA297BCA1A00C6542E /* BackgroundView.swift in Sources */,
				9C623C0F296F9C33001F41F7 /* StartPresenter.swift in Sources */,
				9C01C53A2976424400954EE7 /* RoundOneGuessView.swift in Sources */,
				9C1CF5B0297256F800E6914E /* Coordinator.swift in Sources */,
			);
			runOnlyForDeploymentPostprocessing = 0;
		};
/* End PBXSourcesBuildPhase section */

/* Begin PBXVariantGroup section */
		9C623C02296F994B001F41F7 /* LaunchScreen.storyboard */ = {
			isa = PBXVariantGroup;
			children = (
				9C623C03296F994B001F41F7 /* Base */,
			);
			name = LaunchScreen.storyboard;
			sourceTree = "<group>";
		};
/* End PBXVariantGroup section */

/* Begin XCBuildConfiguration section */
		9C623C06296F994B001F41F7 /* Debug */ = {
			isa = XCBuildConfiguration;
			buildSettings = {
				ALWAYS_SEARCH_USER_PATHS = NO;
				CLANG_ANALYZER_NONNULL = YES;
				CLANG_ANALYZER_NUMBER_OBJECT_CONVERSION = YES_AGGRESSIVE;
				CLANG_CXX_LANGUAGE_STANDARD = "gnu++20";
				CLANG_ENABLE_MODULES = YES;
				CLANG_ENABLE_OBJC_ARC = YES;
				CLANG_ENABLE_OBJC_WEAK = YES;
				CLANG_WARN_BLOCK_CAPTURE_AUTORELEASING = YES;
				CLANG_WARN_BOOL_CONVERSION = YES;
				CLANG_WARN_COMMA = YES;
				CLANG_WARN_CONSTANT_CONVERSION = YES;
				CLANG_WARN_DEPRECATED_OBJC_IMPLEMENTATIONS = YES;
				CLANG_WARN_DIRECT_OBJC_ISA_USAGE = YES_ERROR;
				CLANG_WARN_DOCUMENTATION_COMMENTS = YES;
				CLANG_WARN_EMPTY_BODY = YES;
				CLANG_WARN_ENUM_CONVERSION = YES;
				CLANG_WARN_INFINITE_RECURSION = YES;
				CLANG_WARN_INT_CONVERSION = YES;
				CLANG_WARN_NON_LITERAL_NULL_CONVERSION = YES;
				CLANG_WARN_OBJC_IMPLICIT_RETAIN_SELF = YES;
				CLANG_WARN_OBJC_LITERAL_CONVERSION = YES;
				CLANG_WARN_OBJC_ROOT_CLASS = YES_ERROR;
				CLANG_WARN_QUOTED_INCLUDE_IN_FRAMEWORK_HEADER = YES;
				CLANG_WARN_RANGE_LOOP_ANALYSIS = YES;
				CLANG_WARN_STRICT_PROTOTYPES = YES;
				CLANG_WARN_SUSPICIOUS_MOVE = YES;
				CLANG_WARN_UNGUARDED_AVAILABILITY = YES_AGGRESSIVE;
				CLANG_WARN_UNREACHABLE_CODE = YES;
				CLANG_WARN__DUPLICATE_METHOD_MATCH = YES;
				COPY_PHASE_STRIP = NO;
				DEBUG_INFORMATION_FORMAT = dwarf;
				ENABLE_STRICT_OBJC_MSGSEND = YES;
				ENABLE_TESTABILITY = YES;
				GCC_C_LANGUAGE_STANDARD = gnu11;
				GCC_DYNAMIC_NO_PIC = NO;
				GCC_NO_COMMON_BLOCKS = YES;
				GCC_OPTIMIZATION_LEVEL = 0;
				GCC_PREPROCESSOR_DEFINITIONS = (
					"DEBUG=1",
					"$(inherited)",
				);
				GCC_WARN_64_TO_32_BIT_CONVERSION = YES;
				GCC_WARN_ABOUT_RETURN_TYPE = YES_ERROR;
				GCC_WARN_UNDECLARED_SELECTOR = YES;
				GCC_WARN_UNINITIALIZED_AUTOS = YES_AGGRESSIVE;
				GCC_WARN_UNUSED_FUNCTION = YES;
				GCC_WARN_UNUSED_VARIABLE = YES;
				IPHONEOS_DEPLOYMENT_TARGET = 16.2;
				MTL_ENABLE_DEBUG_INFO = INCLUDE_SOURCE;
				MTL_FAST_MATH = YES;
				ONLY_ACTIVE_ARCH = YES;
				SDKROOT = iphoneos;
				SWIFT_ACTIVE_COMPILATION_CONDITIONS = DEBUG;
				SWIFT_OPTIMIZATION_LEVEL = "-Onone";
			};
			name = Debug;
		};
		9C623C07296F994B001F41F7 /* Release */ = {
			isa = XCBuildConfiguration;
			buildSettings = {
				ALWAYS_SEARCH_USER_PATHS = NO;
				CLANG_ANALYZER_NONNULL = YES;
				CLANG_ANALYZER_NUMBER_OBJECT_CONVERSION = YES_AGGRESSIVE;
				CLANG_CXX_LANGUAGE_STANDARD = "gnu++20";
				CLANG_ENABLE_MODULES = YES;
				CLANG_ENABLE_OBJC_ARC = YES;
				CLANG_ENABLE_OBJC_WEAK = YES;
				CLANG_WARN_BLOCK_CAPTURE_AUTORELEASING = YES;
				CLANG_WARN_BOOL_CONVERSION = YES;
				CLANG_WARN_COMMA = YES;
				CLANG_WARN_CONSTANT_CONVERSION = YES;
				CLANG_WARN_DEPRECATED_OBJC_IMPLEMENTATIONS = YES;
				CLANG_WARN_DIRECT_OBJC_ISA_USAGE = YES_ERROR;
				CLANG_WARN_DOCUMENTATION_COMMENTS = YES;
				CLANG_WARN_EMPTY_BODY = YES;
				CLANG_WARN_ENUM_CONVERSION = YES;
				CLANG_WARN_INFINITE_RECURSION = YES;
				CLANG_WARN_INT_CONVERSION = YES;
				CLANG_WARN_NON_LITERAL_NULL_CONVERSION = YES;
				CLANG_WARN_OBJC_IMPLICIT_RETAIN_SELF = YES;
				CLANG_WARN_OBJC_LITERAL_CONVERSION = YES;
				CLANG_WARN_OBJC_ROOT_CLASS = YES_ERROR;
				CLANG_WARN_QUOTED_INCLUDE_IN_FRAMEWORK_HEADER = YES;
				CLANG_WARN_RANGE_LOOP_ANALYSIS = YES;
				CLANG_WARN_STRICT_PROTOTYPES = YES;
				CLANG_WARN_SUSPICIOUS_MOVE = YES;
				CLANG_WARN_UNGUARDED_AVAILABILITY = YES_AGGRESSIVE;
				CLANG_WARN_UNREACHABLE_CODE = YES;
				CLANG_WARN__DUPLICATE_METHOD_MATCH = YES;
				COPY_PHASE_STRIP = NO;
				DEBUG_INFORMATION_FORMAT = "dwarf-with-dsym";
				ENABLE_NS_ASSERTIONS = NO;
				ENABLE_STRICT_OBJC_MSGSEND = YES;
				GCC_C_LANGUAGE_STANDARD = gnu11;
				GCC_NO_COMMON_BLOCKS = YES;
				GCC_WARN_64_TO_32_BIT_CONVERSION = YES;
				GCC_WARN_ABOUT_RETURN_TYPE = YES_ERROR;
				GCC_WARN_UNDECLARED_SELECTOR = YES;
				GCC_WARN_UNINITIALIZED_AUTOS = YES_AGGRESSIVE;
				GCC_WARN_UNUSED_FUNCTION = YES;
				GCC_WARN_UNUSED_VARIABLE = YES;
				IPHONEOS_DEPLOYMENT_TARGET = 16.2;
				MTL_ENABLE_DEBUG_INFO = NO;
				MTL_FAST_MATH = YES;
				SDKROOT = iphoneos;
				SWIFT_COMPILATION_MODE = wholemodule;
				SWIFT_OPTIMIZATION_LEVEL = "-O";
				VALIDATE_PRODUCT = YES;
			};
			name = Release;
		};
		9C623C09296F994B001F41F7 /* Debug */ = {
			isa = XCBuildConfiguration;
			baseConfigurationReference = 3257732D321D401CB5FFD05D /* Pods-GuessTheNumber.debug.xcconfig */;
			buildSettings = {
				ASSETCATALOG_COMPILER_APPICON_NAME = AppIcon;
				ASSETCATALOG_COMPILER_GLOBAL_ACCENT_COLOR_NAME = AccentColor;
				CODE_SIGN_STYLE = Automatic;
				CURRENT_PROJECT_VERSION = 1;
				DEVELOPMENT_TEAM = D5XZHDVBDY;
				GENERATE_INFOPLIST_FILE = YES;
				INFOPLIST_FILE = GuessTheNumber/Info.plist;
				INFOPLIST_KEY_UIApplicationSupportsIndirectInputEvents = YES;
				INFOPLIST_KEY_UILaunchStoryboardName = LaunchScreen;
				INFOPLIST_KEY_UISupportedInterfaceOrientations_iPad = "UIInterfaceOrientationPortrait UIInterfaceOrientationPortraitUpsideDown UIInterfaceOrientationLandscapeLeft UIInterfaceOrientationLandscapeRight";
				INFOPLIST_KEY_UISupportedInterfaceOrientations_iPhone = "UIInterfaceOrientationPortrait UIInterfaceOrientationLandscapeLeft UIInterfaceOrientationLandscapeRight";
				IPHONEOS_DEPLOYMENT_TARGET = 14.0;
				LD_RUNPATH_SEARCH_PATHS = (
					"$(inherited)",
					"@executable_path/Frameworks",
				);
				MARKETING_VERSION = 1.0;
				PRODUCT_BUNDLE_IDENTIFIER = com.artemykv.GuessTheNumber;
				PRODUCT_NAME = "$(TARGET_NAME)";
				SWIFT_EMIT_LOC_STRINGS = YES;
				SWIFT_VERSION = 5.0;
				TARGETED_DEVICE_FAMILY = "1,2";
			};
			name = Debug;
		};
		9C623C0A296F994B001F41F7 /* Release */ = {
			isa = XCBuildConfiguration;
			baseConfigurationReference = 4968396DCA640C0CADCE39DC /* Pods-GuessTheNumber.release.xcconfig */;
			buildSettings = {
				ASSETCATALOG_COMPILER_APPICON_NAME = AppIcon;
				ASSETCATALOG_COMPILER_GLOBAL_ACCENT_COLOR_NAME = AccentColor;
				CODE_SIGN_STYLE = Automatic;
				CURRENT_PROJECT_VERSION = 1;
				DEVELOPMENT_TEAM = D5XZHDVBDY;
				GENERATE_INFOPLIST_FILE = YES;
				INFOPLIST_FILE = GuessTheNumber/Info.plist;
				INFOPLIST_KEY_UIApplicationSupportsIndirectInputEvents = YES;
				INFOPLIST_KEY_UILaunchStoryboardName = LaunchScreen;
				INFOPLIST_KEY_UISupportedInterfaceOrientations_iPad = "UIInterfaceOrientationPortrait UIInterfaceOrientationPortraitUpsideDown UIInterfaceOrientationLandscapeLeft UIInterfaceOrientationLandscapeRight";
				INFOPLIST_KEY_UISupportedInterfaceOrientations_iPhone = "UIInterfaceOrientationPortrait UIInterfaceOrientationLandscapeLeft UIInterfaceOrientationLandscapeRight";
				IPHONEOS_DEPLOYMENT_TARGET = 14.0;
				LD_RUNPATH_SEARCH_PATHS = (
					"$(inherited)",
					"@executable_path/Frameworks",
				);
				MARKETING_VERSION = 1.0;
				PRODUCT_BUNDLE_IDENTIFIER = com.artemykv.GuessTheNumber;
				PRODUCT_NAME = "$(TARGET_NAME)";
				SWIFT_EMIT_LOC_STRINGS = YES;
				SWIFT_VERSION = 5.0;
				TARGETED_DEVICE_FAMILY = "1,2";
			};
			name = Release;
		};
/* End XCBuildConfiguration section */

/* Begin XCConfigurationList section */
		9C623BEF296F994A001F41F7 /* Build configuration list for PBXProject "GuessTheNumber" */ = {
			isa = XCConfigurationList;
			buildConfigurations = (
				9C623C06296F994B001F41F7 /* Debug */,
				9C623C07296F994B001F41F7 /* Release */,
			);
			defaultConfigurationIsVisible = 0;
			defaultConfigurationName = Release;
		};
		9C623C08296F994B001F41F7 /* Build configuration list for PBXNativeTarget "GuessTheNumber" */ = {
			isa = XCConfigurationList;
			buildConfigurations = (
				9C623C09296F994B001F41F7 /* Debug */,
				9C623C0A296F994B001F41F7 /* Release */,
			);
			defaultConfigurationIsVisible = 0;
			defaultConfigurationName = Release;
		};
/* End XCConfigurationList section */
	};
	rootObject = 9C623BEC296F994A001F41F7 /* Project object */;
}
